Microsoft Visual Studio Solution File, Format Version 11.00
# Visual Studio 2008

Project("{80E64599-275D-B522-B706-710034D810CB}") = "Plane2", "Assembly-CSharp-firstpass.csproj", "{C0FE959D-76B6-5CBC-F318-5F51BA7364E2}"
EndProject
Project("{80E64599-275D-B522-B706-710034D810CB}") = "Plane2", "Assembly-CSharp.csproj", "{676FA790-1768-65B3-10A6-6E8C5B9EF514}"
EndProject
Project("{80E64599-275D-B522-B706-710034D810CB}") = "Plane2", "Assembly-CSharp-Editor-firstpass.csproj", "{AEBB4F15-CFC9-4B07-81DD-C9833CBFE742}"
EndProject
Global
	GlobalSection(SolutionConfigurationPlatforms) = preSolution
		Debug|Any CPU = Debug|Any CPU
		Release|Any CPU = Release|Any CPU
	EndGlobalSection
	GlobalSection(ProjectConfigurationPlatforms) = postSolution
		{C0FE959D-76B6-5CBC-F318-5F51BA7364E2}.Debug|Any CPU.ActiveCfg = Debug|Any CPU
		{C0FE959D-76B6-5CBC-F318-5F51BA7364E2}.Debug|Any CPU.Build.0 = Debug|Any CPU
		{C0FE959D-76B6-5CBC-F318-5F51BA7364E2}.Release|Any CPU.ActiveCfg = Release|Any CPU
		{C0FE959D-76B6-5CBC-F318-5F51BA7364E2}.Release|Any CPU.Build.0 = Release|Any CPU
		{676FA790-1768-65B3-10A6-6E8C5B9EF514}.Debug|Any CPU.ActiveCfg = Debug|Any CPU
		{676FA790-1768-65B3-10A6-6E8C5B9EF514}.Debug|Any CPU.Build.0 = Debug|Any CPU
		{676FA790-1768-65B3-10A6-6E8C5B9EF514}.Release|Any CPU.ActiveCfg = Release|Any CPU
		{676FA790-1768-65B3-10A6-6E8C5B9EF514}.Release|Any CPU.Build.0 = Release|Any CPU
		{AEBB4F15-CFC9-4B07-81DD-C9833CBFE742}.Debug|Any CPU.ActiveCfg = Debug|Any CPU
		{AEBB4F15-CFC9-4B07-81DD-C9833CBFE742}.Debug|Any CPU.Build.0 = Debug|Any CPU
		{AEBB4F15-CFC9-4B07-81DD-C9833CBFE742}.Release|Any CPU.ActiveCfg = Release|Any CPU
		{AEBB4F15-CFC9-4B07-81DD-C9833CBFE742}.Release|Any CPU.Build.0 = Release|Any CPU
	EndGlobalSection
	GlobalSection(SolutionProperties) = preSolution
		HideSolutionNode = FALSE
	EndGlobalSection
	GlobalSection(MonoDevelopProperties) = preSolution
		StartupItem = Assembly-CSharp.csproj
	EndGlobalSection
EndGlobal
